
Microsoft Visual Studio Solution File, Format Version 12.00
# Visual Studio Version 17
VisualStudioVersion = 17.3.32901.215
MinimumVisualStudioVersion = 10.0.40219.1
Project("{FAE04EC0-301F-11D3-BF4B-00C04F79EFBC}") = "Calculator", "Calculator\Calculator.csproj", "{6882D312-F430-40A2-A058-103EE18679B2}"
EndProject
Global
	GlobalSection(SolutionConfigurationPlatforms) = preSolution
		Debug|Any CPU = Debug|Any CPU
		Release|Any CPU = Release|Any CPU
	EndGlobalSection
	GlobalSection(ProjectConfigurationPlatforms) = postSolution
		{6882D312-F430-40A2-A058-103EE18679B2}.Debug|Any CPU.ActiveCfg = Debug|Any CPU
		{6882D312-F430-40A2-A058-103EE18679B2}.Debug|Any CPU.Build.0 = Debug|Any CPU
		{6882D312-F430-40A2-A058-103EE18679B2}.Release|Any CPU.ActiveCfg = Release|Any CPU
		{6882D312-F430-40A2-A058-103EE18679B2}.Release|Any CPU.Build.0 = Release|Any CPU
	EndGlobalSection
	GlobalSection(SolutionProperties) = preSolution
		HideSolutionNode = FALSE
	EndGlobalSection
	GlobalSection(ExtensibilityGlobals) = postSolution
		SolutionGuid = {381D453B-22B2-4BAA-A601-1258787B447D}
	EndGlobalSection
EndGlobal
